
Microsoft Visual Studio Solution File, Format Version 12.00
# Visual Studio Version 17
VisualStudioVersion = 17.11.35303.130
MinimumVisualStudioVersion = 10.0.40219.1
Project("{8BC9CEB8-8B4A-11D0-8D11-00A0C91BC942}") = "Exo54", "Exo54.vcxproj", "{FAADEFE1-DD52-4031-849C-8D4DB7B5AE8E}"
EndProject
Global
	GlobalSection(SolutionConfigurationPlatforms) = preSolution
		Debug|x64 = Debug|x64
		Debug|x86 = Debug|x86
		Release|x64 = Release|x64
		Release|x86 = Release|x86
	EndGlobalSection
	GlobalSection(ProjectConfigurationPlatforms) = postSolution
		{FAADEFE1-DD52-4031-849C-8D4DB7B5AE8E}.Debug|x64.ActiveCfg = Debug|x64
		{FAADEFE1-DD52-4031-849C-8D4DB7B5AE8E}.Debug|x64.Build.0 = Debug|x64
		{FAADEFE1-DD52-4031-849C-8D4DB7B5AE8E}.Debug|x86.ActiveCfg = Debug|Win32
		{FAADEFE1-DD52-4031-849C-8D4DB7B5AE8E}.Debug|x86.Build.0 = Debug|Win32
		{FAADEFE1-DD52-4031-849C-8D4DB7B5AE8E}.Release|x64.ActiveCfg = Release|x64
		{FAADEFE1-DD52-4031-849C-8D4DB7B5AE8E}.Release|x64.Build.0 = Release|x64
		{FAADEFE1-DD52-4031-849C-8D4DB7B5AE8E}.Release|x86.ActiveCfg = Release|Win32
		{FAADEFE1-DD52-4031-849C-8D4DB7B5AE8E}.Release|x86.Build.0 = Release|Win32
	EndGlobalSection
	GlobalSection(SolutionProperties) = preSolution
		HideSolutionNode = FALSE
	EndGlobalSection
	GlobalSection(ExtensibilityGlobals) = postSolution
		SolutionGuid = {E5AB2811-C298-4469-8DBE-6E50751517F6}
	EndGlobalSection
EndGlobal
